// !$*UTF8*$!
{
	archiveVersion = 1;
	classes = {
	};
	objectVersion = 56;
	objects = {

/* Begin PBXBuildFile section */
		DC52444C2A9E52AF00473576 /* AppDelegate.swift in Sources */ = {isa = PBXBuildFile; fileRef = DC52444B2A9E52AF00473576 /* AppDelegate.swift */; };
		DC52444E2A9E52AF00473576 /* SceneDelegate.swift in Sources */ = {isa = PBXBuildFile; fileRef = DC52444D2A9E52AF00473576 /* SceneDelegate.swift */; };
		DC5244502A9E52AF00473576 /* ViewController.swift in Sources */ = {isa = PBXBuildFile; fileRef = DC52444F2A9E52AF00473576 /* ViewController.swift */; };
		DC5244532A9E52AF00473576 /* Main.storyboard in Resources */ = {isa = PBXBuildFile; fileRef = DC5244512A9E52AF00473576 /* Main.storyboard */; };
		DC5244552A9E52B000473576 /* Assets.xcassets in Resources */ = {isa = PBXBuildFile; fileRef = DC5244542A9E52B000473576 /* Assets.xcassets */; };
		DC5244582A9E52B000473576 /* LaunchScreen.storyboard in Resources */ = {isa = PBXBuildFile; fileRef = DC5244562A9E52B000473576 /* LaunchScreen.storyboard */; };
		DC5244632A9E52B100473576 /* MyStoryTests.swift in Sources */ = {isa = PBXBuildFile; fileRef = DC5244622A9E52B100473576 /* MyStoryTests.swift */; };
		DC52446D2A9E52B100473576 /* MyStoryUITests.swift in Sources */ = {isa = PBXBuildFile; fileRef = DC52446C2A9E52B100473576 /* MyStoryUITests.swift */; };
		DC52446F2A9E52B100473576 /* MyStoryUITestsLaunchTests.swift in Sources */ = {isa = PBXBuildFile; fileRef = DC52446E2A9E52B100473576 /* MyStoryUITestsLaunchTests.swift */; };
/* End PBXBuildFile section */

/* Begin PBXContainerItemProxy section */
		DC52445F2A9E52B100473576 /* PBXContainerItemProxy */ = {
			isa = PBXContainerItemProxy;
			containerPortal = DC5244402A9E52AF00473576 /* Project object */;
			proxyType = 1;
			remoteGlobalIDString = DC5244472A9E52AF00473576;
			remoteInfo = MyStory;
		};
		DC5244692A9E52B100473576 /* PBXContainerItemProxy */ = {
			isa = PBXContainerItemProxy;
			containerPortal = DC5244402A9E52AF00473576 /* Project object */;
			proxyType = 1;
			remoteGlobalIDString = DC5244472A9E52AF00473576;
			remoteInfo = MyStory;
		};
/* End PBXContainerItemProxy section */

/* Begin PBXFileReference section */
		DC5244482A9E52AF00473576 /* MyStory.app */ = {isa = PBXFileReference; explicitFileType = wrapper.application; includeInIndex = 0; path = MyStory.app; sourceTree = BUILT_PRODUCTS_DIR; };
		DC52444B2A9E52AF00473576 /* AppDelegate.swift */ = {isa = PBXFileReference; lastKnownFileType = sourcecode.swift; path = AppDelegate.swift; sourceTree = "<group>"; };
		DC52444D2A9E52AF00473576 /* SceneDelegate.swift */ = {isa = PBXFileReference; lastKnownFileType = sourcecode.swift; path = SceneDelegate.swift; sourceTree = "<group>"; };
		DC52444F2A9E52AF00473576 /* ViewController.swift */ = {isa = PBXFileReference; lastKnownFileType = sourcecode.swift; path = ViewController.swift; sourceTree = "<group>"; };
		DC5244522A9E52AF00473576 /* Base */ = {isa = PBXFileReference; lastKnownFileType = file.storyboard; name = Base; path = Base.lproj/Main.storyboard; sourceTree = "<group>"; };
		DC5244542A9E52B000473576 /* Assets.xcassets */ = {isa = PBXFileReference; lastKnownFileType = folder.assetcatalog; path = Assets.xcassets; sourceTree = "<group>"; };
		DC5244572A9E52B000473576 /* Base */ = {isa = PBXFileReference; lastKnownFileType = file.storyboard; name = Base; path = Base.lproj/LaunchScreen.storyboard; sourceTree = "<group>"; };
		DC5244592A9E52B000473576 /* Info.plist */ = {isa = PBXFileReference; lastKnownFileType = text.plist.xml; path = Info.plist; sourceTree = "<group>"; };
		DC52445E2A9E52B100473576 /* MyStoryTests.xctest */ = {isa = PBXFileReference; explicitFileType = wrapper.cfbundle; includeInIndex = 0; path = MyStoryTests.xctest; sourceTree = BUILT_PRODUCTS_DIR; };
		DC5244622A9E52B100473576 /* MyStoryTests.swift */ = {isa = PBXFileReference; lastKnownFileType = sourcecode.swift; path = MyStoryTests.swift; sourceTree = "<group>"; };
		DC5244682A9E52B100473576 /* MyStoryUITests.xctest */ = {isa = PBXFileReference; explicitFileType = wrapper.cfbundle; includeInIndex = 0; path = MyStoryUITests.xctest; sourceTree = BUILT_PRODUCTS_DIR; };
		DC52446C2A9E52B100473576 /* MyStoryUITests.swift */ = {isa = PBXFileReference; lastKnownFileType = sourcecode.swift; path = MyStoryUITests.swift; sourceTree = "<group>"; };
		DC52446E2A9E52B100473576 /* MyStoryUITestsLaunchTests.swift */ = {isa = PBXFileReference; lastKnownFileType = sourcecode.swift; path = MyStoryUITestsLaunchTests.swift; sourceTree = "<group>"; };
/* End PBXFileReference section */

/* Begin PBXFrameworksBuildPhase section */
		DC5244452A9E52AF00473576 /* Frameworks */ = {
			isa = PBXFrameworksBuildPhase;
			buildActionMask = 2147483647;
			files = (
			);
			runOnlyForDeploymentPostprocessing = 0;
		};
		DC52445B2A9E52B100473576 /* Frameworks */ = {
			isa = PBXFrameworksBuildPhase;
			buildActionMask = 2147483647;
			files = (
			);
			runOnlyForDeploymentPostprocessing = 0;
		};
		DC5244652A9E52B100473576 /* Frameworks */ = {
			isa = PBXFrameworksBuildPhase;
			buildActionMask = 2147483647;
			files = (
			);
			runOnlyForDeploymentPostprocessing = 0;
		};
/* End PBXFrameworksBuildPhase section */

/* Begin PBXGroup section */
		DC52443F2A9E52AF00473576 = {
			isa = PBXGroup;
			children = (
				DC52444A2A9E52AF00473576 /* MyStory */,
				DC5244612A9E52B100473576 /* MyStoryTests */,
				DC52446B2A9E52B100473576 /* MyStoryUITests */,
				DC5244492A9E52AF00473576 /* Products */,
			);
			sourceTree = "<group>";
		};
		DC5244492A9E52AF00473576 /* Products */ = {
			isa = PBXGroup;
			children = (
				DC5244482A9E52AF00473576 /* MyStory.app */,
				DC52445E2A9E52B100473576 /* MyStoryTests.xctest */,
				DC5244682A9E52B100473576 /* MyStoryUITests.xctest */,
			);
			name = Products;
			sourceTree = "<group>";
		};
		DC52444A2A9E52AF00473576 /* MyStory */ = {
			isa = PBXGroup;
			children = (
				DC52444B2A9E52AF00473576 /* AppDelegate.swift */,
				DC52444D2A9E52AF00473576 /* SceneDelegate.swift */,
				DC52444F2A9E52AF00473576 /* ViewController.swift */,
				DC5244512A9E52AF00473576 /* Main.storyboard */,
				DC5244542A9E52B000473576 /* Assets.xcassets */,
				DC5244562A9E52B000473576 /* LaunchScreen.storyboard */,
				DC5244592A9E52B000473576 /* Info.plist */,
			);
			path = MyStory;
			sourceTree = "<group>";
		};
		DC5244612A9E52B100473576 /* MyStoryTests */ = {
			isa = PBXGroup;
			children = (
				DC5244622A9E52B100473576 /* MyStoryTests.swift */,
			);
			path = MyStoryTests;
			sourceTree = "<group>";
		};
		DC52446B2A9E52B100473576 /* MyStoryUITests */ = {
			isa = PBXGroup;
			children = (
				DC52446C2A9E52B100473576 /* MyStoryUITests.swift */,
				DC52446E2A9E52B100473576 /* MyStoryUITestsLaunchTests.swift */,
			);
			path = MyStoryUITests;
			sourceTree = "<group>";
		};
/* End PBXGroup section */

/* Begin PBXNativeTarget section */
		DC5244472A9E52AF00473576 /* MyStory */ = {
			isa = PBXNativeTarget;
			buildConfigurationList = DC5244722A9E52B100473576 /* Build configuration list for PBXNativeTarget "MyStory" */;
			buildPhases = (
				DC5244442A9E52AF00473576 /* Sources */,
				DC5244452A9E52AF00473576 /* Frameworks */,
				DC5244462A9E52AF00473576 /* Resources */,
			);
			buildRules = (
			);
			dependencies = (
			);
			name = MyStory;
			productName = MyStory;
			productReference = DC5244482A9E52AF00473576 /* MyStory.app */;
			productType = "com.apple.product-type.application";
		};
		DC52445D2A9E52B100473576 /* MyStoryTests */ = {
			isa = PBXNativeTarget;
			buildConfigurationList = DC5244752A9E52B100473576 /* Build configuration list for PBXNativeTarget "MyStoryTests" */;
			buildPhases = (
				DC52445A2A9E52B100473576 /* Sources */,
				DC52445B2A9E52B100473576 /* Frameworks */,
				DC52445C2A9E52B100473576 /* Resources */,
			);
			buildRules = (
			);
			dependencies = (
				DC5244602A9E52B100473576 /* PBXTargetDependency */,
			);
			name = MyStoryTests;
			productName = MyStoryTests;
			productReference = DC52445E2A9E52B100473576 /* MyStoryTests.xctest */;
			productType = "com.apple.product-type.bundle.unit-test";
		};
		DC5244672A9E52B100473576 /* MyStoryUITests */ = {
			isa = PBXNativeTarget;
			buildConfigurationList = DC5244782A9E52B100473576 /* Build configuration list for PBXNativeTarget "MyStoryUITests" */;
			buildPhases = (
				DC5244642A9E52B100473576 /* Sources */,
				DC5244652A9E52B100473576 /* Frameworks */,
				DC5244662A9E52B100473576 /* Resources */,
			);
			buildRules = (
			);
			dependencies = (
				DC52446A2A9E52B100473576 /* PBXTargetDependency */,
			);
			name = MyStoryUITests;
			productName = MyStoryUITests;
			productReference = DC5244682A9E52B100473576 /* MyStoryUITests.xctest */;
			productType = "com.apple.product-type.bundle.ui-testing";
		};
/* End PBXNativeTarget section */

/* Begin PBXProject section */
		DC5244402A9E52AF00473576 /* Project object */ = {
			isa = PBXProject;
			attributes = {
				BuildIndependentTargetsInParallel = 1;
				LastSwiftUpdateCheck = 1430;
				LastUpgradeCheck = 1430;
				TargetAttributes = {
					DC5244472A9E52AF00473576 = {
						CreatedOnToolsVersion = 14.3.1;
					};
					DC52445D2A9E52B100473576 = {
						CreatedOnToolsVersion = 14.3.1;
						TestTargetID = DC5244472A9E52AF00473576;
					};
					DC5244672A9E52B100473576 = {
						CreatedOnToolsVersion = 14.3.1;
						TestTargetID = DC5244472A9E52AF00473576;
					};
				};
			};
			buildConfigurationList = DC5244432A9E52AF00473576 /* Build configuration list for PBXProject "MyStory" */;
			compatibilityVersion = "Xcode 14.0";
			developmentRegion = en;
			hasScannedForEncodings = 0;
			knownRegions = (
				en,
				Base,
			);
			mainGroup = DC52443F2A9E52AF00473576;
			productRefGroup = DC5244492A9E52AF00473576 /* Products */;
			projectDirPath = "";
			projectRoot = "";
			targets = (
				DC5244472A9E52AF00473576 /* MyStory */,
				DC52445D2A9E52B100473576 /* MyStoryTests */,
				DC5244672A9E52B100473576 /* MyStoryUITests */,
			);
		};
/* End PBXProject section */

/* Begin PBXResourcesBuildPhase section */
		DC5244462A9E52AF00473576 /* Resources */ = {
			isa = PBXResourcesBuildPhase;
			buildActionMask = 2147483647;
			files = (
				DC5244582A9E52B000473576 /* LaunchScreen.storyboard in Resources */,
				DC5244552A9E52B000473576 /* Assets.xcassets in Resources */,
				DC5244532A9E52AF00473576 /* Main.storyboard in Resources */,
			);
			runOnlyForDeploymentPostprocessing = 0;
		};
		DC52445C2A9E52B100473576 /* Resources */ = {
			isa = PBXResourcesBuildPhase;
			buildActionMask = 2147483647;
			files = (
			);
			runOnlyForDeploymentPostprocessing = 0;
		};
		DC5244662A9E52B100473576 /* Resources */ = {
			isa = PBXResourcesBuildPhase;
			buildActionMask = 2147483647;
			files = (
			);
			runOnlyForDeploymentPostprocessing = 0;
		};
/* End PBXResourcesBuildPhase section */

/* Begin PBXSourcesBuildPhase section */
		DC5244442A9E52AF00473576 /* Sources */ = {
			isa = PBXSourcesBuildPhase;
			buildActionMask = 2147483647;
			files = (
				DC5244502A9E52AF00473576 /* ViewController.swift in Sources */,
				DC52444C2A9E52AF00473576 /* AppDelegate.swift in Sources */,
				DC52444E2A9E52AF00473576 /* SceneDelegate.swift in Sources */,
			);
			runOnlyForDeploymentPostprocessing = 0;
		};
		DC52445A2A9E52B100473576 /* Sources */ = {
			isa = PBXSourcesBuildPhase;
			buildActionMask = 2147483647;
			files = (
				DC5244632A9E52B100473576 /* MyStoryTests.swift in Sources */,
			);
			runOnlyForDeploymentPostprocessing = 0;
		};
		DC5244642A9E52B100473576 /* Sources */ = {
			isa = PBXSourcesBuildPhase;
			buildActionMask = 2147483647;
			files = (
				DC52446F2A9E52B100473576 /* MyStoryUITestsLaunchTests.swift in Sources */,
				DC52446D2A9E52B100473576 /* MyStoryUITests.swift in Sources */,
			);
			runOnlyForDeploymentPostprocessing = 0;
		};
/* End PBXSourcesBuildPhase section */

/* Begin PBXTargetDependency section */
		DC5244602A9E52B100473576 /* PBXTargetDependency */ = {
			isa = PBXTargetDependency;
			target = DC5244472A9E52AF00473576 /* MyStory */;
			targetProxy = DC52445F2A9E52B100473576 /* PBXContainerItemProxy */;
		};
		DC52446A2A9E52B100473576 /* PBXTargetDependency */ = {
			isa = PBXTargetDependency;
			target = DC5244472A9E52AF00473576 /* MyStory */;
			targetProxy = DC5244692A9E52B100473576 /* PBXContainerItemProxy */;
		};
/* End PBXTargetDependency section */

/* Begin PBXVariantGroup section */
		DC5244512A9E52AF00473576 /* Main.storyboard */ = {
			isa = PBXVariantGroup;
			children = (
				DC5244522A9E52AF00473576 /* Base */,
			);
			name = Main.storyboard;
			sourceTree = "<group>";
		};
		DC5244562A9E52B000473576 /* LaunchScreen.storyboard */ = {
			isa = PBXVariantGroup;
			children = (
				DC5244572A9E52B000473576 /* Base */,
			);
			name = LaunchScreen.storyboard;
			sourceTree = "<group>";
		};
/* End PBXVariantGroup section */

/* Begin XCBuildConfiguration section */
		DC5244702A9E52B100473576 /* Debug */ = {
			isa = XCBuildConfiguration;
			buildSettings = {
				ALWAYS_SEARCH_USER_PATHS = NO;
				CLANG_ANALYZER_NONNULL = YES;
				CLANG_ANALYZER_NUMBER_OBJECT_CONVERSION = YES_AGGRESSIVE;
				CLANG_CXX_LANGUAGE_STANDARD = "gnu++20";
				CLANG_ENABLE_MODULES = YES;
				CLANG_ENABLE_OBJC_ARC = YES;
				CLANG_ENABLE_OBJC_WEAK = YES;
				CLANG_WARN_BLOCK_CAPTURE_AUTORELEASING = YES;
				CLANG_WARN_BOOL_CONVERSION = YES;
				CLANG_WARN_COMMA = YES;
				CLANG_WARN_CONSTANT_CONVERSION = YES;
				CLANG_WARN_DEPRECATED_OBJC_IMPLEMENTATIONS = YES;
				CLANG_WARN_DIRECT_OBJC_ISA_USAGE = YES_ERROR;
				CLANG_WARN_DOCUMENTATION_COMMENTS = YES;
				CLANG_WARN_EMPTY_BODY = YES;
				CLANG_WARN_ENUM_CONVERSION = YES;
				CLANG_WARN_INFINITE_RECURSION = YES;
				CLANG_WARN_INT_CONVERSION = YES;
				CLANG_WARN_NON_LITERAL_NULL_CONVERSION = YES;
				CLANG_WARN_OBJC_IMPLICIT_RETAIN_SELF = YES;
				CLANG_WARN_OBJC_LITERAL_CONVERSION = YES;
				CLANG_WARN_OBJC_ROOT_CLASS = YES_ERROR;
				CLANG_WARN_QUOTED_INCLUDE_IN_FRAMEWORK_HEADER = YES;
				CLANG_WARN_RANGE_LOOP_ANALYSIS = YES;
				CLANG_WARN_STRICT_PROTOTYPES = YES;
				CLANG_WARN_SUSPICIOUS_MOVE = YES;
				CLANG_WARN_UNGUARDED_AVAILABILITY = YES_AGGRESSIVE;
				CLANG_WARN_UNREACHABLE_CODE = YES;
				CLANG_WARN__DUPLICATE_METHOD_MATCH = YES;
				COPY_PHASE_STRIP = NO;
				DEBUG_INFORMATION_FORMAT = dwarf;
				ENABLE_STRICT_OBJC_MSGSEND = YES;
				ENABLE_TESTABILITY = YES;
				GCC_C_LANGUAGE_STANDARD = gnu11;
				GCC_DYNAMIC_NO_PIC = NO;
				GCC_NO_COMMON_BLOCKS = YES;
				GCC_OPTIMIZATION_LEVEL = 0;
				GCC_PREPROCESSOR_DEFINITIONS = (
					"DEBUG=1",
					"$(inherited)",
				);
				GCC_WARN_64_TO_32_BIT_CONVERSION = YES;
				GCC_WARN_ABOUT_RETURN_TYPE = YES_ERROR;
				GCC_WARN_UNDECLARED_SELECTOR = YES;
				GCC_WARN_UNINITIALIZED_AUTOS = YES_AGGRESSIVE;
				GCC_WARN_UNUSED_FUNCTION = YES;
				GCC_WARN_UNUSED_VARIABLE = YES;
				IPHONEOS_DEPLOYMENT_TARGET = 16.4;
				MTL_ENABLE_DEBUG_INFO = INCLUDE_SOURCE;
				MTL_FAST_MATH = YES;
				ONLY_ACTIVE_ARCH = YES;
				SDKROOT = iphoneos;
				SWIFT_ACTIVE_COMPILATION_CONDITIONS = DEBUG;
				SWIFT_OPTIMIZATION_LEVEL = "-Onone";
			};
			name = Debug;
		};
		DC5244712A9E52B100473576 /* Release */ = {
			isa = XCBuildConfiguration;
			buildSettings = {
				ALWAYS_SEARCH_USER_PATHS = NO;
				CLANG_ANALYZER_NONNULL = YES;
				CLANG_ANALYZER_NUMBER_OBJECT_CONVERSION = YES_AGGRESSIVE;
				CLANG_CXX_LANGUAGE_STANDARD = "gnu++20";
				CLANG_ENABLE_MODULES = YES;
				CLANG_ENABLE_OBJC_ARC = YES;
				CLANG_ENABLE_OBJC_WEAK = YES;
				CLANG_WARN_BLOCK_CAPTURE_AUTORELEASING = YES;
				CLANG_WARN_BOOL_CONVERSION = YES;
				CLANG_WARN_COMMA = YES;
				CLANG_WARN_CONSTANT_CONVERSION = YES;
				CLANG_WARN_DEPRECATED_OBJC_IMPLEMENTATIONS = YES;
				CLANG_WARN_DIRECT_OBJC_ISA_USAGE = YES_ERROR;
				CLANG_WARN_DOCUMENTATION_COMMENTS = YES;
				CLANG_WARN_EMPTY_BODY = YES;
				CLANG_WARN_ENUM_CONVERSION = YES;
				CLANG_WARN_INFINITE_RECURSION = YES;
				CLANG_WARN_INT_CONVERSION = YES;
				CLANG_WARN_NON_LITERAL_NULL_CONVERSION = YES;
				CLANG_WARN_OBJC_IMPLICIT_RETAIN_SELF = YES;
				CLANG_WARN_OBJC_LITERAL_CONVERSION = YES;
				CLANG_WARN_OBJC_ROOT_CLASS = YES_ERROR;
				CLANG_WARN_QUOTED_INCLUDE_IN_FRAMEWORK_HEADER = YES;
				CLANG_WARN_RANGE_LOOP_ANALYSIS = YES;
				CLANG_WARN_STRICT_PROTOTYPES = YES;
				CLANG_WARN_SUSPICIOUS_MOVE = YES;
				CLANG_WARN_UNGUARDED_AVAILABILITY = YES_AGGRESSIVE;
				CLANG_WARN_UNREACHABLE_CODE = YES;
				CLANG_WARN__DUPLICATE_METHOD_MATCH = YES;
				COPY_PHASE_STRIP = NO;
				DEBUG_INFORMATION_FORMAT = "dwarf-with-dsym";
				ENABLE_NS_ASSERTIONS = NO;
				ENABLE_STRICT_OBJC_MSGSEND = YES;
				GCC_C_LANGUAGE_STANDARD = gnu11;
				GCC_NO_COMMON_BLOCKS = YES;
				GCC_WARN_64_TO_32_BIT_CONVERSION = YES;
				GCC_WARN_ABOUT_RETURN_TYPE = YES_ERROR;
				GCC_WARN_UNDECLARED_SELECTOR = YES;
				GCC_WARN_UNINITIALIZED_AUTOS = YES_AGGRESSIVE;
				GCC_WARN_UNUSED_FUNCTION = YES;
				GCC_WARN_UNUSED_VARIABLE = YES;
				IPHONEOS_DEPLOYMENT_TARGET = 16.4;
				MTL_ENABLE_DEBUG_INFO = NO;
				MTL_FAST_MATH = YES;
				SDKROOT = iphoneos;
				SWIFT_COMPILATION_MODE = wholemodule;
				SWIFT_OPTIMIZATION_LEVEL = "-O";
				VALIDATE_PRODUCT = YES;
			};
			name = Release;
		};
		DC5244732A9E52B100473576 /* Debug */ = {
			isa = XCBuildConfiguration;
			buildSettings = {
				ASSETCATALOG_COMPILER_APPICON_NAME = AppIcon;
				ASSETCATALOG_COMPILER_GLOBAL_ACCENT_COLOR_NAME = AccentColor;
				CODE_SIGN_STYLE = Automatic;
				CURRENT_PROJECT_VERSION = 1;
				GENERATE_INFOPLIST_FILE = YES;
				INFOPLIST_FILE = MyStory/Info.plist;
				INFOPLIST_KEY_UIApplicationSupportsIndirectInputEvents = YES;
				INFOPLIST_KEY_UILaunchStoryboardName = LaunchScreen;
				INFOPLIST_KEY_UIMainStoryboardFile = Main;
				INFOPLIST_KEY_UISupportedInterfaceOrientations_iPad = "UIInterfaceOrientationPortrait UIInterfaceOrientationPortraitUpsideDown UIInterfaceOrientationLandscapeLeft UIInterfaceOrientationLandscapeRight";
				INFOPLIST_KEY_UISupportedInterfaceOrientations_iPhone = "UIInterfaceOrientationPortrait UIInterfaceOrientationLandscapeLeft UIInterfaceOrientationLandscapeRight";
				LD_RUNPATH_SEARCH_PATHS = (
					"$(inherited)",
					"@executable_path/Frameworks",
				);
				MARKETING_VERSION = 1.0;
				PRODUCT_BUNDLE_IDENTIFIER = FIU.MyStory;
				PRODUCT_NAME = "$(TARGET_NAME)";
				SWIFT_EMIT_LOC_STRINGS = YES;
				SWIFT_VERSION = 5.0;
				TARGETED_DEVICE_FAMILY = "1,2";
			};
			name = Debug;
		};
		DC5244742A9E52B100473576 /* Release */ = {
			isa = XCBuildConfiguration;
			buildSettings = {
				ASSETCATALOG_COMPILER_APPICON_NAME = AppIcon;
				ASSETCATALOG_COMPILER_GLOBAL_ACCENT_COLOR_NAME = AccentColor;
				CODE_SIGN_STYLE = Automatic;
				CURRENT_PROJECT_VERSION = 1;
				GENERATE_INFOPLIST_FILE = YES;
				INFOPLIST_FILE = MyStory/Info.plist;
				INFOPLIST_KEY_UIApplicationSupportsIndirectInputEvents = YES;
				INFOPLIST_KEY_UILaunchStoryboardName = LaunchScreen;
				INFOPLIST_KEY_UIMainStoryboardFile = Main;
				INFOPLIST_KEY_UISupportedInterfaceOrientations_iPad = "UIInterfaceOrientationPortrait UIInterfaceOrientationPortraitUpsideDown UIInterfaceOrientationLandscapeLeft UIInterfaceOrientationLandscapeRight";
				INFOPLIST_KEY_UISupportedInterfaceOrientations_iPhone = "UIInterfaceOrientationPortrait UIInterfaceOrientationLandscapeLeft UIInterfaceOrientationLandscapeRight";
				LD_RUNPATH_SEARCH_PATHS = (
					"$(inherited)",
					"@executable_path/Frameworks",
				);
				MARKETING_VERSION = 1.0;
				PRODUCT_BUNDLE_IDENTIFIER = FIU.MyStory;
				PRODUCT_NAME = "$(TARGET_NAME)";
				SWIFT_EMIT_LOC_STRINGS = YES;
				SWIFT_VERSION = 5.0;
				TARGETED_DEVICE_FAMILY = "1,2";
			};
			name = Release;
		};
		DC5244762A9E52B100473576 /* Debug */ = {
			isa = XCBuildConfiguration;
			buildSettings = {
				ALWAYS_EMBED_SWIFT_STANDARD_LIBRARIES = YES;
				BUNDLE_LOADER = "$(TEST_HOST)";
				CODE_SIGN_STYLE = Automatic;
				CURRENT_PROJECT_VERSION = 1;
				GENERATE_INFOPLIST_FILE = YES;
				IPHONEOS_DEPLOYMENT_TARGET = 16.4;
				MARKETING_VERSION = 1.0;
				PRODUCT_BUNDLE_IDENTIFIER = FIU.MyStoryTests;
				PRODUCT_NAME = "$(TARGET_NAME)";
				SWIFT_EMIT_LOC_STRINGS = NO;
				SWIFT_VERSION = 5.0;
				TARGETED_DEVICE_FAMILY = "1,2";
				TEST_HOST = "$(BUILT_PRODUCTS_DIR)/MyStory.app/$(BUNDLE_EXECUTABLE_FOLDER_PATH)/MyStory";
			};
			name = Debug;
		};
		DC5244772A9E52B100473576 /* Release */ = {
			isa = XCBuildConfiguration;
			buildSettings = {
				ALWAYS_EMBED_SWIFT_STANDARD_LIBRARIES = YES;
				BUNDLE_LOADER = "$(TEST_HOST)";
				CODE_SIGN_STYLE = Automatic;
				CURRENT_PROJECT_VERSION = 1;
				GENERATE_INFOPLIST_FILE = YES;
				IPHONEOS_DEPLOYMENT_TARGET = 16.4;
				MARKETING_VERSION = 1.0;
				PRODUCT_BUNDLE_IDENTIFIER = FIU.MyStoryTests;
				PRODUCT_NAME = "$(TARGET_NAME)";
				SWIFT_EMIT_LOC_STRINGS = NO;
				SWIFT_VERSION = 5.0;
				TARGETED_DEVICE_FAMILY = "1,2";
				TEST_HOST = "$(BUILT_PRODUCTS_DIR)/MyStory.app/$(BUNDLE_EXECUTABLE_FOLDER_PATH)/MyStory";
			};
			name = Release;
		};
		DC5244792A9E52B100473576 /* Debug */ = {
			isa = XCBuildConfiguration;
			buildSettings = {
				ALWAYS_EMBED_SWIFT_STANDARD_LIBRARIES = YES;
				CODE_SIGN_STYLE = Automatic;
				CURRENT_PROJECT_VERSION = 1;
				GENERATE_INFOPLIST_FILE = YES;
				MARKETING_VERSION = 1.0;
				PRODUCT_BUNDLE_IDENTIFIER = FIU.MyStoryUITests;
				PRODUCT_NAME = "$(TARGET_NAME)";
				SWIFT_EMIT_LOC_STRINGS = NO;
				SWIFT_VERSION = 5.0;
				TARGETED_DEVICE_FAMILY = "1,2";
				TEST_TARGET_NAME = MyStory;
			};
			name = Debug;
		};
		DC52447A2A9E52B100473576 /* Release */ = {
			isa = XCBuildConfiguration;
			buildSettings = {
				ALWAYS_EMBED_SWIFT_STANDARD_LIBRARIES = YES;
				CODE_SIGN_STYLE = Automatic;
				CURRENT_PROJECT_VERSION = 1;
				GENERATE_INFOPLIST_FILE = YES;
				MARKETING_VERSION = 1.0;
				PRODUCT_BUNDLE_IDENTIFIER = FIU.MyStoryUITests;
				PRODUCT_NAME = "$(TARGET_NAME)";
				SWIFT_EMIT_LOC_STRINGS = NO;
				SWIFT_VERSION = 5.0;
				TARGETED_DEVICE_FAMILY = "1,2";
				TEST_TARGET_NAME = MyStory;
			};
			name = Release;
		};
/* End XCBuildConfiguration section */

/* Begin XCConfigurationList section */
		DC5244432A9E52AF00473576 /* Build configuration list for PBXProject "MyStory" */ = {
			isa = XCConfigurationList;
			buildConfigurations = (
				DC5244702A9E52B100473576 /* Debug */,
				DC5244712A9E52B100473576 /* Release */,
			);
			defaultConfigurationIsVisible = 0;
			defaultConfigurationName = Release;
		};
		DC5244722A9E52B100473576 /* Build configuration list for PBXNativeTarget "MyStory" */ = {
			isa = XCConfigurationList;
			buildConfigurations = (
				DC5244732A9E52B100473576 /* Debug */,
				DC5244742A9E52B100473576 /* Release */,
			);
			defaultConfigurationIsVisible = 0;
			defaultConfigurationName = Release;
		};
		DC5244752A9E52B100473576 /* Build configuration list for PBXNativeTarget "MyStoryTests" */ = {
			isa = XCConfigurationList;
			buildConfigurations = (
				DC5244762A9E52B100473576 /* Debug */,
				DC5244772A9E52B100473576 /* Release */,
			);
			defaultConfigurationIsVisible = 0;
			defaultConfigurationName = Release;
		};
		DC5244782A9E52B100473576 /* Build configuration list for PBXNativeTarget "MyStoryUITests" */ = {
			isa = XCConfigurationList;
			buildConfigurations = (
				DC5244792A9E52B100473576 /* Debug */,
				DC52447A2A9E52B100473576 /* Release */,
			);
			defaultConfigurationIsVisible = 0;
			defaultConfigurationName = Release;
		};
/* End XCConfigurationList section */
	};
	rootObject = DC5244402A9E52AF00473576 /* Project object */;
}
